
Microsoft Visual Studio Solution File, Format Version 12.00
# Visual Studio 15
VisualStudioVersion = 15.0.28307.1259
MinimumVisualStudioVersion = 10.0.40219.1
Project("{8BC9CEB8-8B4A-11D0-8D11-00A0C91BC942}") = "6.11", "6.11\6.11.vcxproj", "{C9213D31-24E8-45E6-A2AC-2AC454F6DEAF}"
EndProject
Global
	GlobalSection(SolutionConfigurationPlatforms) = preSolution
		Debug|x64 = Debug|x64
		Debug|x86 = Debug|x86
		Release|x64 = Release|x64
		Release|x86 = Release|x86
	EndGlobalSection
	GlobalSection(ProjectConfigurationPlatforms) = postSolution
		{C9213D31-24E8-45E6-A2AC-2AC454F6DEAF}.Debug|x64.ActiveCfg = Debug|x64
		{C9213D31-24E8-45E6-A2AC-2AC454F6DEAF}.Debug|x64.Build.0 = Debug|x64
		{C9213D31-24E8-45E6-A2AC-2AC454F6DEAF}.Debug|x86.ActiveCfg = Debug|Win32
		{C9213D31-24E8-45E6-A2AC-2AC454F6DEAF}.Debug|x86.Build.0 = Debug|Win32
		{C9213D31-24E8-45E6-A2AC-2AC454F6DEAF}.Release|x64.ActiveCfg = Release|x64
		{C9213D31-24E8-45E6-A2AC-2AC454F6DEAF}.Release|x64.Build.0 = Release|x64
		{C9213D31-24E8-45E6-A2AC-2AC454F6DEAF}.Release|x86.ActiveCfg = Release|Win32
		{C9213D31-24E8-45E6-A2AC-2AC454F6DEAF}.Release|x86.Build.0 = Release|Win32
	EndGlobalSection
	GlobalSection(SolutionProperties) = preSolution
		HideSolutionNode = FALSE
	EndGlobalSection
	GlobalSection(ExtensibilityGlobals) = postSolution
		SolutionGuid = {47D23A4F-00E4-4CD1-8E04-571E48A4A9A4}
	EndGlobalSection
EndGlobal
