
Microsoft Visual Studio Solution File, Format Version 12.00
# Visual Studio 15
VisualStudioVersion = 15.0.28307.1259
MinimumVisualStudioVersion = 10.0.40219.1
Project("{8BC9CEB8-8B4A-11D0-8D11-00A0C91BC942}") = "HW", "HW\HW.vcxproj", "{A9DEAA64-49A2-4369-9CE2-7DE1A0274417}"
EndProject
Global
	GlobalSection(SolutionConfigurationPlatforms) = preSolution
		Debug|x64 = Debug|x64
		Debug|x86 = Debug|x86
		Release|x64 = Release|x64
		Release|x86 = Release|x86
	EndGlobalSection
	GlobalSection(ProjectConfigurationPlatforms) = postSolution
		{A9DEAA64-49A2-4369-9CE2-7DE1A0274417}.Debug|x64.ActiveCfg = Debug|x64
		{A9DEAA64-49A2-4369-9CE2-7DE1A0274417}.Debug|x64.Build.0 = Debug|x64
		{A9DEAA64-49A2-4369-9CE2-7DE1A0274417}.Debug|x86.ActiveCfg = Debug|Win32
		{A9DEAA64-49A2-4369-9CE2-7DE1A0274417}.Debug|x86.Build.0 = Debug|Win32
		{A9DEAA64-49A2-4369-9CE2-7DE1A0274417}.Release|x64.ActiveCfg = Release|x64
		{A9DEAA64-49A2-4369-9CE2-7DE1A0274417}.Release|x64.Build.0 = Release|x64
		{A9DEAA64-49A2-4369-9CE2-7DE1A0274417}.Release|x86.ActiveCfg = Release|Win32
		{A9DEAA64-49A2-4369-9CE2-7DE1A0274417}.Release|x86.Build.0 = Release|Win32
	EndGlobalSection
	GlobalSection(SolutionProperties) = preSolution
		HideSolutionNode = FALSE
	EndGlobalSection
	GlobalSection(ExtensibilityGlobals) = postSolution
		SolutionGuid = {E17FF286-17DC-4E40-87B4-F535F7201F71}
	EndGlobalSection
EndGlobal
